
Microsoft Visual Studio Solution File, Format Version 12.00
# Visual Studio Version 16
VisualStudioVersion = 16.0.31321.278
MinimumVisualStudioVersion = 10.0.40219.1
Project("{FAE04EC0-301F-11D3-BF4B-00C04F79EFBC}") = "DemoCap", "DemoCap\DemoCap.csproj", "{84E59BF8-AA94-4D12-B2EA-E5D190678EF5}"
EndProject
Global
	GlobalSection(SolutionConfigurationPlatforms) = preSolution
		Debug|Any CPU = Debug|Any CPU
		Release|Any CPU = Release|Any CPU
	EndGlobalSection
	GlobalSection(ProjectConfigurationPlatforms) = postSolution
		{84E59BF8-AA94-4D12-B2EA-E5D190678EF5}.Debug|Any CPU.ActiveCfg = Debug|Any CPU
		{84E59BF8-AA94-4D12-B2EA-E5D190678EF5}.Debug|Any CPU.Build.0 = Debug|Any CPU
		{84E59BF8-AA94-4D12-B2EA-E5D190678EF5}.Release|Any CPU.ActiveCfg = Release|Any CPU
		{84E59BF8-AA94-4D12-B2EA-E5D190678EF5}.Release|Any CPU.Build.0 = Release|Any CPU
	EndGlobalSection
	GlobalSection(SolutionProperties) = preSolution
		HideSolutionNode = FALSE
	EndGlobalSection
	GlobalSection(ExtensibilityGlobals) = postSolution
		SolutionGuid = {F8C908A7-A7E8-430D-AC04-C148A1A81D90}
	EndGlobalSection
EndGlobal
